# @generated - this file is auto-generated by `mise lock` https://mise.jdx.dev/dev-tools/mise-lock.html

[[tools."cargo:wasm-bindgen-cli"]]
version = "0.2.117"
backend = "cargo:wasm-bindgen-cli"

[[tools."github:WebAssembly/binaryen"]]
version = "129"
backend = "github:WebAssembly/binaryen"

[tools."github:WebAssembly/binaryen".options]
version_prefix = "version_"

[tools."github:WebAssembly/binaryen"."platforms.linux-arm64"]
checksum = "sha256:81d46b86b10876ab615eec67e09fcc5615115a7b189cfe3d466725ee36c46ac2"
url = "https://github.com/WebAssembly/binaryen/releases/download/version_129/binaryen-version_129-aarch64-linux.tar.gz"
url_api = "https://api.github.com/repos/WebAssembly/binaryen/releases/assets/386341715"

[tools."github:WebAssembly/binaryen"."platforms.linux-arm64-musl"]
checksum = "sha256:81d46b86b10876ab615eec67e09fcc5615115a7b189cfe3d466725ee36c46ac2"
url = "https://github.com/WebAssembly/binaryen/releases/download/version_129/binaryen-version_129-aarch64-linux.tar.gz"
url_api = "https://api.github.com/repos/WebAssembly/binaryen/releases/assets/386341715"

[tools."github:WebAssembly/binaryen"."platforms.linux-x64"]
checksum = "sha256:50b9fa62b9abea752da92ec57e0c555fee578760cd237c40107957715d2976ba"
url = "https://github.com/WebAssembly/binaryen/releases/download/version_129/binaryen-version_129-x86_64-linux.tar.gz"
url_api = "https://api.github.com/repos/WebAssembly/binaryen/releases/assets/386339206"

[tools."github:WebAssembly/binaryen"."platforms.linux-x64-musl"]
checksum = "sha256:50b9fa62b9abea752da92ec57e0c555fee578760cd237c40107957715d2976ba"
url = "https://github.com/WebAssembly/binaryen/releases/download/version_129/binaryen-version_129-x86_64-linux.tar.gz"
url_api = "https://api.github.com/repos/WebAssembly/binaryen/releases/assets/386339206"

[tools."github:WebAssembly/binaryen"."platforms.macos-arm64"]
checksum = "sha256:d1bb014775ca3002506712b81b4406d126ff6845e8b2f343bc2696a1a88b7117"
url = "https://github.com/WebAssembly/binaryen/releases/download/version_129/binaryen-version_129-arm64-macos.tar.gz"
url_api = "https://api.github.com/repos/WebAssembly/binaryen/releases/assets/386337538"

[tools."github:WebAssembly/binaryen"."platforms.macos-x64"]
checksum = "sha256:cc38897d3d93c968f24819fae210e04afd0146d0e2467e307207ea7e798a59b9"
url = "https://github.com/WebAssembly/binaryen/releases/download/version_129/binaryen-version_129-x86_64-macos.tar.gz"
url_api = "https://api.github.com/repos/WebAssembly/binaryen/releases/assets/386337535"

[tools."github:WebAssembly/binaryen"."platforms.windows-x64"]
checksum = "sha256:1405d2f51377859ccf5fcd2c59c0a8c5756373e691ca0eeb5219f646b743e3aa"
url = "https://github.com/WebAssembly/binaryen/releases/download/version_129/binaryen-version_129-x86_64-windows.tar.gz"
url_api = "https://api.github.com/repos/WebAssembly/binaryen/releases/assets/386340704"

[[tools.just]]
version = "1.49.0"
backend = "asdf:just"

[[tools."npm:vite"]]
version = "8.0.3"
backend = "npm:vite"

[[tools.rust]]
version = "nightly"
backend = "core:rust"

[[tools.terraform]]
version = "1.14.8"
backend = "aqua:hashicorp/terraform"

[tools.terraform."platforms.linux-arm64"]
checksum = "sha256:c953171cde6b25ca0448c3b29a90d2f46c0310121e18742ec8f89631768e770c"
url = "https://releases.hashicorp.com/terraform/1.14.8/terraform_1.14.8_linux_arm64.zip"

[tools.terraform."platforms.linux-arm64-musl"]
checksum = "sha256:c953171cde6b25ca0448c3b29a90d2f46c0310121e18742ec8f89631768e770c"
url = "https://releases.hashicorp.com/terraform/1.14.8/terraform_1.14.8_linux_arm64.zip"

[tools.terraform."platforms.linux-x64"]
checksum = "sha256:56a5d12f47cbc1c6bedb8f5426ae7d5df984d1929572c24b56f4c82e9f9bf709"
url = "https://releases.hashicorp.com/terraform/1.14.8/terraform_1.14.8_linux_amd64.zip"

[tools.terraform."platforms.linux-x64-musl"]
checksum = "sha256:56a5d12f47cbc1c6bedb8f5426ae7d5df984d1929572c24b56f4c82e9f9bf709"
url = "https://releases.hashicorp.com/terraform/1.14.8/terraform_1.14.8_linux_amd64.zip"

[tools.terraform."platforms.macos-arm64"]
checksum = "sha256:5593670a2d42323847bfb216db17c73a44df201a62f7587928bae16adeabba23"
url = "https://releases.hashicorp.com/terraform/1.14.8/terraform_1.14.8_darwin_arm64.zip"

[tools.terraform."platforms.macos-x64"]
checksum = "sha256:26dd7593d22e9d99ec09380f0869718f649be7b7f954d888611335e6a84961f8"
url = "https://releases.hashicorp.com/terraform/1.14.8/terraform_1.14.8_darwin_amd64.zip"

[tools.terraform."platforms.windows-x64"]
checksum = "sha256:a237008008019589c600ecb0ae0842c9ea4ca5601f7c54ddbc64d274037b0abb"
url = "https://releases.hashicorp.com/terraform/1.14.8/terraform_1.14.8_windows_amd64.zip"
